
Microsoft Visual Studio Solution File, Format Version 12.00
Project("{FAE04EC0-301F-11D3-BF4B-00C04F79EFBC}") = "Store.Domain", "Store.Domain\Store.Domain.csproj", "{C0D189E4-8417-4502-80D8-A28F6923E8E5}"
EndProject
Project("{FAE04EC0-301F-11D3-BF4B-00C04F79EFBC}") = "Store.Tests", "Store.Tests\Store.Tests.csproj", "{1A383BA2-190E-4173-BEFA-7C616AC7A523}"
EndProject
Global
	GlobalSection(SolutionConfigurationPlatforms) = preSolution
		Debug|Any CPU = Debug|Any CPU
		Release|Any CPU = Release|Any CPU
	EndGlobalSection
	GlobalSection(ProjectConfigurationPlatforms) = postSolution
		{C0D189E4-8417-4502-80D8-A28F6923E8E5}.Debug|Any CPU.ActiveCfg = Debug|Any CPU
		{C0D189E4-8417-4502-80D8-A28F6923E8E5}.Debug|Any CPU.Build.0 = Debug|Any CPU
		{C0D189E4-8417-4502-80D8-A28F6923E8E5}.Release|Any CPU.ActiveCfg = Release|Any CPU
		{C0D189E4-8417-4502-80D8-A28F6923E8E5}.Release|Any CPU.Build.0 = Release|Any CPU
		{1A383BA2-190E-4173-BEFA-7C616AC7A523}.Debug|Any CPU.ActiveCfg = Debug|Any CPU
		{1A383BA2-190E-4173-BEFA-7C616AC7A523}.Debug|Any CPU.Build.0 = Debug|Any CPU
		{1A383BA2-190E-4173-BEFA-7C616AC7A523}.Release|Any CPU.ActiveCfg = Release|Any CPU
		{1A383BA2-190E-4173-BEFA-7C616AC7A523}.Release|Any CPU.Build.0 = Release|Any CPU
	EndGlobalSection
EndGlobal
